
Microsoft Visual Studio Solution File, Format Version 12.00
# Visual Studio Version 17
VisualStudioVersion = 17.2.32630.192
MinimumVisualStudioVersion = 10.0.40219.1
Project("{888888A0-9F3D-457C-B088-3A5042F75D52}") = "outro", "outro.pyproj", "{6DDF1945-C318-42E4-9BA1-546B80DB2808}"
EndProject
Global
	GlobalSection(SolutionConfigurationPlatforms) = preSolution
		Debug|Any CPU = Debug|Any CPU
		Release|Any CPU = Release|Any CPU
		releasereal|Any CPU = releasereal|Any CPU
	EndGlobalSection
	GlobalSection(ProjectConfigurationPlatforms) = postSolution
		{6DDF1945-C318-42E4-9BA1-546B80DB2808}.Debug|Any CPU.ActiveCfg = Release|Any CPU
		{6DDF1945-C318-42E4-9BA1-546B80DB2808}.Release|Any CPU.ActiveCfg = Release|Any CPU
		{6DDF1945-C318-42E4-9BA1-546B80DB2808}.releasereal|Any CPU.ActiveCfg = releasereal|Any CPU
	EndGlobalSection
	GlobalSection(SolutionProperties) = preSolution
		HideSolutionNode = FALSE
	EndGlobalSection
	GlobalSection(ExtensibilityGlobals) = postSolution
		SolutionGuid = {9C22D3C1-C195-4D6D-9DC7-2268BCAC0245}
	EndGlobalSection
EndGlobal
